
Microsoft Visual Studio Solution File, Format Version 12.00
# Visual Studio Version 16
VisualStudioVersion = 16.0.32510.428
MinimumVisualStudioVersion = 10.0.40219.1
Project("{FAE04EC0-301F-11D3-BF4B-00C04F79EFBC}") = "sys-connettore-database", "sys-connettore-database\sys-connettore-database.csproj", "{146BF221-5639-415F-9194-B4A73BEAE64F}"
EndProject
Project("{9A19103F-16F7-4668-BE54-9A1E7A4F7556}") = "sys-connettore-webapi", "sys-connettore-webapi\sys-connettore-webapi.csproj", "{3343BF2D-4C6E-44CD-9E8C-B77DA0ACFBC8}"
EndProject
Global
	GlobalSection(SolutionConfigurationPlatforms) = preSolution
		Debug|Any CPU = Debug|Any CPU
		Release|Any CPU = Release|Any CPU
	EndGlobalSection
	GlobalSection(ProjectConfigurationPlatforms) = postSolution
		{146BF221-5639-415F-9194-B4A73BEAE64F}.Debug|Any CPU.ActiveCfg = Debug|Any CPU
		{146BF221-5639-415F-9194-B4A73BEAE64F}.Debug|Any CPU.Build.0 = Debug|Any CPU
		{146BF221-5639-415F-9194-B4A73BEAE64F}.Release|Any CPU.ActiveCfg = Release|Any CPU
		{146BF221-5639-415F-9194-B4A73BEAE64F}.Release|Any CPU.Build.0 = Release|Any CPU
		{3343BF2D-4C6E-44CD-9E8C-B77DA0ACFBC8}.Debug|Any CPU.ActiveCfg = Debug|Any CPU
		{3343BF2D-4C6E-44CD-9E8C-B77DA0ACFBC8}.Debug|Any CPU.Build.0 = Debug|Any CPU
		{3343BF2D-4C6E-44CD-9E8C-B77DA0ACFBC8}.Release|Any CPU.ActiveCfg = Release|Any CPU
		{3343BF2D-4C6E-44CD-9E8C-B77DA0ACFBC8}.Release|Any CPU.Build.0 = Release|Any CPU
	EndGlobalSection
	GlobalSection(SolutionProperties) = preSolution
		HideSolutionNode = FALSE
	EndGlobalSection
	GlobalSection(ExtensibilityGlobals) = postSolution
		SolutionGuid = {4BDFD42E-26A1-4C59-A75E-AFFD770FBDDE}
	EndGlobalSection
EndGlobal
